<?xml version="1.0" encoding="utf-8"?>
<Project ToolsVersion="4.0" xmlns="http://schemas.microsoft.com/developer/msbuild/2003">
  <ItemGroup>
    <Filter Include="modules">
      <UniqueIdentifier>{FEAC8BD4-6A8C-0A70-73A4-9546DF0271D1}</UniqueIdentifier>
    </Filter>
  </ItemGroup>
  <ItemGroup>
    <ClCompile Include="src\main.cpp" />
    <ClCompile Include="src\modules\colors.ixx">
      <Filter>modules</Filter>
    </ClCompile>
    <ClCompile Include="src\modules\utilities.ixx">
      <Filter>modules</Filter>
    </ClCompile>
  </ItemGroup>
</Project>